{
  "name": "oresoftware.package.json",
  "version": "0.0.1001",
  "lockfileVersion": 1,
  "requires": true,
  "dependencies": {
    "r2g": {
      "version": "0.0.104",
      "resolved": "https://registry.npmjs.org/r2g/-/r2g-0.0.104.tgz",
      "integrity": "sha512-gdwX23edG7KDLcpcrxZi4Gp6ztzd5Q2OXUYJ8+GqAHaVgsDS/YpeCVikY3COE1YcB04PS70oUA4DEZgTMsbaWw==",
      "dev": true
    }
  }
}
